# This file is automatically @generated by Poetry 2.2.1 and should not be changed by hand.

[[package]]
name = "asgiref"
version = "3.10.0"
description = "ASGI specs, helper code, and adapters"
optional = false
python-versions = ">=3.9"
groups = ["main"]
files = [
    {file = "asgiref-3.10.0-py3-none-any.whl", hash = "sha256:aef8a81283a34d0ab31630c9b7dfe70c812c95eba78171367ca8745e88124734"},
    {file = "asgiref-3.10.0.tar.gz", hash = "sha256:d89f2d8cd8b56dada7d52fa7dc8075baa08fb836560710d38c292a7a3f78c04e"},
]

[package.extras]
tests = ["mypy (>=1.14.0)", "pytest", "pytest-asyncio"]

[[package]]
name = "django"
version = "5.2.8"
description = "A high-level Python web framework that encourages rapid development and clean, pragmatic design."
optional = false
python-versions = ">=3.10"
groups = ["main"]
files = [
    {file = "django-5.2.8-py3-none-any.whl", hash = "sha256:37e687f7bd73ddf043e2b6b97cfe02fcbb11f2dbb3adccc6a2b18c6daa054d7f"},
    {file = "django-5.2.8.tar.gz", hash = "sha256:23254866a5bb9a2cfa6004e8b809ec6246eba4b58a7589bc2772f1bcc8456c7f"},
]

[package.dependencies]
asgiref = ">=3.8.1"
sqlparse = ">=0.3.1"
tzdata = {version = "*", markers = "sys_platform == \"win32\""}

[package.extras]
argon2 = ["argon2-cffi (>=19.1.0)"]
bcrypt = ["bcrypt"]

[[package]]
name = "django-environ"
version = "0.12.0"
description = "A package that allows you to utilize 12factor inspired environment variables to configure your Django application."
optional = false
python-versions = "<4,>=3.9"
groups = ["main"]
files = [
    {file = "django_environ-0.12.0-py2.py3-none-any.whl", hash = "sha256:92fb346a158abda07ffe6eb23135ce92843af06ecf8753f43adf9d2366dcc0ca"},
    {file = "django_environ-0.12.0.tar.gz", hash = "sha256:227dc891453dd5bde769c3449cf4a74b6f2ee8f7ab2361c93a07068f4179041a"},
]

[package.extras]
develop = ["coverage[toml] (>=5.0a4)", "furo (>=2024.8.6)", "pytest (>=4.6.11)", "setuptools (>=71.0.0)", "sphinx (>=5.0)", "sphinx-notfound-page"]
docs = ["furo (>=2024.8.6)", "sphinx (>=5.0)", "sphinx-notfound-page"]
testing = ["coverage[toml] (>=5.0a4)", "pytest (>=4.6.11)", "setuptools (>=71.0.0)"]

[[package]]
name = "django-taggit"
version = "6.1.0"
description = "django-taggit is a reusable Django application for simple tagging."
optional = false
python-versions = ">=3.8"
groups = ["main"]
files = [
    {file = "django_taggit-6.1.0-py3-none-any.whl", hash = "sha256:ab776264bbc76cb3d7e49e1bf9054962457831bd21c3a42db9138b41956e4cf0"},
    {file = "django_taggit-6.1.0.tar.gz", hash = "sha256:c4d1199e6df34125dd36db5eb0efe545b254dec3980ce5dd80e6bab3e78757c3"},
]

[package.dependencies]
Django = ">=4.1"

[[package]]
name = "markdown"
version = "3.10"
description = "Python implementation of John Gruber's Markdown."
optional = false
python-versions = ">=3.10"
groups = ["main"]
files = [
    {file = "markdown-3.10-py3-none-any.whl", hash = "sha256:b5b99d6951e2e4948d939255596523444c0e677c669700b1d17aa4a8a464cb7c"},
    {file = "markdown-3.10.tar.gz", hash = "sha256:37062d4f2aa4b2b6b32aefb80faa300f82cc790cb949a35b8caede34f2b68c0e"},
]

[package.extras]
docs = ["mdx_gh_links (>=0.2)", "mkdocs (>=1.6)", "mkdocs-gen-files", "mkdocs-literate-nav", "mkdocs-nature (>=0.6)", "mkdocs-section-index", "mkdocstrings[python]"]
testing = ["coverage", "pyyaml"]

[[package]]
name = "nh3"
version = "0.3.2"
description = "Python binding to Ammonia HTML sanitizer Rust crate"
optional = false
python-versions = ">=3.8"
groups = ["main"]
files = [
    {file = "nh3-0.3.2-cp314-cp314t-macosx_10_12_x86_64.macosx_11_0_arm64.macosx_10_12_universal2.whl", hash = "sha256:d18957a90806d943d141cc5e4a0fefa1d77cf0d7a156878bf9a66eed52c9cc7d"},
    {file = "nh3-0.3.2-cp314-cp314t-manylinux_2_17_x86_64.manylinux2014_x86_64.whl", hash = "sha256:45c953e57028c31d473d6b648552d9cab1efe20a42ad139d78e11d8f42a36130"},
    {file = "nh3-0.3.2-cp314-cp314t-manylinux_2_5_i686.manylinux1_i686.whl", hash = "sha256:2c9850041b77a9147d6bbd6dbbf13eeec7009eb60b44e83f07fcb2910075bf9b"},
    {file = "nh3-0.3.2-cp314-cp314t-musllinux_1_2_aarch64.whl", hash = "sha256:403c11563e50b915d0efdb622866d1d9e4506bce590ef7da57789bf71dd148b5"},
    {file = "nh3-0.3.2-cp314-cp314t-musllinux_1_2_armv7l.whl", hash = "sha256:0dca4365db62b2d71ff1620ee4f800c4729849906c5dd504ee1a7b2389558e31"},
    {file = "nh3-0.3.2-cp314-cp314t-musllinux_1_2_i686.whl", hash = "sha256:0fe7ee035dd7b2290715baf29cb27167dddd2ff70ea7d052c958dbd80d323c99"},
    {file = "nh3-0.3.2-cp314-cp314t-musllinux_1_2_x86_64.whl", hash = "sha256:a40202fd58e49129764f025bbaae77028e420f1d5b3c8e6f6fd3a6490d513868"},
    {file = "nh3-0.3.2-cp314-cp314t-win32.whl", hash = "sha256:1f9ba555a797dbdcd844b89523f29cdc90973d8bd2e836ea6b962cf567cadd93"},
    {file = "nh3-0.3.2-cp314-cp314t-win_amd64.whl", hash = "sha256:dce4248edc427c9b79261f3e6e2b3ecbdd9b88c267012168b4a7b3fc6fd41d13"},
    {file = "nh3-0.3.2-cp314-cp314t-win_arm64.whl", hash = "sha256:019ecbd007536b67fdf76fab411b648fb64e2257ca3262ec80c3425c24028c80"},
    {file = "nh3-0.3.2-cp38-abi3-macosx_10_12_x86_64.macosx_11_0_arm64.macosx_10_12_universal2.whl", hash = "sha256:7064ccf5ace75825bd7bf57859daaaf16ed28660c1c6b306b649a9eda4b54b1e"},
    {file = "nh3-0.3.2-cp38-abi3-manylinux_2_17_aarch64.manylinux2014_aarch64.whl", hash = "sha256:c8745454cdd28bbbc90861b80a0111a195b0e3961b9fa2e672be89eb199fa5d8"},
    {file = "nh3-0.3.2-cp38-abi3-manylinux_2_17_armv7l.manylinux2014_armv7l.whl", hash = "sha256:72d67c25a84579f4a432c065e8b4274e53b7cf1df8f792cf846abfe2c3090866"},
    {file = "nh3-0.3.2-cp38-abi3-manylinux_2_17_ppc64.manylinux2014_ppc64.whl", hash = "sha256:13398e676a14d6233f372c75f52d5ae74f98210172991f7a3142a736bd92b131"},
    {file = "nh3-0.3.2-cp38-abi3-manylinux_2_17_ppc64le.manylinux2014_ppc64le.whl", hash = "sha256:03d617e5c8aa7331bd2659c654e021caf9bba704b109e7b2b28b039a00949fe5"},
    {file = "nh3-0.3.2-cp38-abi3-manylinux_2_17_s390x.manylinux2014_s390x.whl", hash = "sha256:f2f55c4d2d5a207e74eefe4d828067bbb01300e06e2a7436142f915c5928de07"},
    {file = "nh3-0.3.2-cp38-abi3-manylinux_2_17_x86_64.manylinux2014_x86_64.whl", hash = "sha256:7bb18403f02b655a1bbe4e3a4696c2ae1d6ae8f5991f7cacb684b1ae27e6c9f7"},
    {file = "nh3-0.3.2-cp38-abi3-manylinux_2_5_i686.manylinux1_i686.whl", hash = "sha256:6d66f41672eb4060cf87c037f760bdbc6847852ca9ef8e9c5a5da18f090abf87"},
    {file = "nh3-0.3.2-cp38-abi3-musllinux_1_2_aarch64.whl", hash = "sha256:f97f8b25cb2681d25e2338148159447e4d689aafdccfcf19e61ff7db3905768a"},
    {file = "nh3-0.3.2-cp38-abi3-musllinux_1_2_armv7l.whl", hash = "sha256:2ab70e8c6c7d2ce953d2a58102eefa90c2d0a5ed7aa40c7e29a487bc5e613131"},
    {file = "nh3-0.3.2-cp38-abi3-musllinux_1_2_i686.whl", hash = "sha256:1710f3901cd6440ca92494ba2eb6dc260f829fa8d9196b659fa10de825610ce0"},
    {file = "nh3-0.3.2-cp38-abi3-musllinux_1_2_x86_64.whl", hash = "sha256:91e9b001101fb4500a2aafe3e7c92928d85242d38bf5ac0aba0b7480da0a4cd6"},
    {file = "nh3-0.3.2-cp38-abi3-win32.whl", hash = "sha256:169db03df90da63286e0560ea0efa9b6f3b59844a9735514a1d47e6bb2c8c61b"},
    {file = "nh3-0.3.2-cp38-abi3-win_amd64.whl", hash = "sha256:562da3dca7a17f9077593214a9781a94b8d76de4f158f8c895e62f09573945fe"},
    {file = "nh3-0.3.2-cp38-abi3-win_arm64.whl", hash = "sha256:cf5964d54edd405e68583114a7cba929468bcd7db5e676ae38ee954de1cfc104"},
    {file = "nh3-0.3.2.tar.gz", hash = "sha256:f394759a06df8b685a4ebfb1874fb67a9cbfd58c64fc5ed587a663c0e63ec376"},
]

[[package]]
name = "pillow"
version = "12.0.0"
description = "Python Imaging Library (fork)"
optional = false
python-versions = ">=3.10"
groups = ["main"]
files = [
    {file = "pillow-12.0.0-cp310-cp310-macosx_10_10_x86_64.whl", hash = "sha256:3adfb466bbc544b926d50fe8f4a4e6abd8c6bffd28a26177594e6e9b2b76572b"},
    {file = "pillow-12.0.0-cp310-cp310-macosx_11_0_arm64.whl", hash = "sha256:1ac11e8ea4f611c3c0147424eae514028b5e9077dd99ab91e1bd7bc33ff145e1"},
    {file = "pillow-12.0.0-cp310-cp310-manylinux2014_aarch64.manylinux_2_17_aarch64.whl", hash = "sha256:d49e2314c373f4c2b39446fb1a45ed333c850e09d0c59ac79b72eb3b95397363"},
    {file = "pillow-12.0.0-cp310-cp310-manylinux2014_x86_64.manylinux_2_17_x86_64.whl", hash = "sha256:c7b2a63fd6d5246349f3d3f37b14430d73ee7e8173154461785e43036ffa96ca"},
    {file = "pillow-12.0.0-cp310-cp310-manylinux_2_27_aarch64.manylinux_2_28_aarch64.whl", hash = "sha256:d64317d2587c70324b79861babb9c09f71fbb780bad212018874b2c013d8600e"},
    {file = "pillow-12.0.0-cp310-cp310-manylinux_2_27_x86_64.manylinux_2_28_x86_64.whl", hash = "sha256:d77153e14b709fd8b8af6f66a3afbb9ed6e9fc5ccf0b6b7e1ced7b036a228782"},
    {file = "pillow-12.0.0-cp310-cp310-musllinux_1_2_aarch64.whl", hash = "sha256:32ed80ea8a90ee3e6fa08c21e2e091bba6eda8eccc83dbc34c95169507a91f10"},
    {file = "pillow-12.0.0-cp310-cp310-musllinux_1_2_x86_64.whl", hash = "sha256:c828a1ae702fc712978bda0320ba1b9893d99be0badf2647f693cc01cf0f04fa"},
    {file = "pillow-12.0.0-cp310-cp310-win32.whl", hash = "sha256:bd87e140e45399c818fac4247880b9ce719e4783d767e030a883a970be632275"},
    {file = "pillow-12.0.0-cp310-cp310-win_amd64.whl", hash = "sha256:455247ac8a4cfb7b9bc45b7e432d10421aea9fc2e74d285ba4072688a74c2e9d"},
    {file = "pillow-12.0.0-cp310-cp310-win_arm64.whl", hash = "sha256:6ace95230bfb7cd79ef66caa064bbe2f2a1e63d93471c3a2e1f1348d9f22d6b7"},
    {file = "pillow-12.0.0-cp311-cp311-macosx_10_10_x86_64.whl", hash = "sha256:0fd00cac9c03256c8b2ff58f162ebcd2587ad3e1f2e397eab718c47e24d231cc"},
    {file = "pillow-12.0.0-cp311-cp311-macosx_11_0_arm64.whl", hash = "sha256:a3475b96f5908b3b16c47533daaa87380c491357d197564e0ba34ae75c0f3257"},
    {file = "pillow-12.0.0-cp311-cp311-manylinux2014_aarch64.manylinux_2_17_aarch64.whl", hash = "sha256:110486b79f2d112cf6add83b28b627e369219388f64ef2f960fef9ebaf54c642"},
    {file = "pillow-12.0.0-cp311-cp311-manylinux2014_x86_64.manylinux_2_17_x86_64.whl", hash = "sha256:5269cc1caeedb67e6f7269a42014f381f45e2e7cd42d834ede3c703a1d915fe3"},
    {file = "pillow-12.0.0-cp311-cp311-manylinux_2_27_aarch64.manylinux_2_28_aarch64.whl", hash = "sha256:aa5129de4e174daccbc59d0a3b6d20eaf24417d59851c07ebb37aeb02947987c"},
    {file = "pillow-12.0.0-cp311-cp311-manylinux_2_27_x86_64.manylinux_2_28_x86_64.whl", hash = "sha256:bee2a6db3a7242ea309aa7ee8e2780726fed67ff4e5b40169f2c940e7eb09227"},
    {file = "pillow-12.0.0-cp311-cp311-musllinux_1_2_aarch64.whl", hash = "sha256:90387104ee8400a7b4598253b4c406f8958f59fcf983a6cea2b50d59f7d63d0b"},
    {file = "pillow-12.0.0-cp311-cp311-musllinux_1_2_x86_64.whl", hash = "sha256:bc91a56697869546d1b8f0a3ff35224557ae7f881050e99f615e0119bf934b4e"},
    {file = "pillow-12.0.0-cp311-cp311-win32.whl", hash = "sha256:27f95b12453d165099c84f8a8bfdfd46b9e4bda9e0e4b65f0635430027f55739"},
    {file = "pillow-12.0.0-cp311-cp311-win_amd64.whl", hash = "sha256:b583dc9070312190192631373c6c8ed277254aa6e6084b74bdd0a6d3b221608e"},
    {file = "pillow-12.0.0-cp311-cp311-win_arm64.whl", hash = "sha256:759de84a33be3b178a64c8ba28ad5c135900359e85fb662bc6e403ad4407791d"},
    {file = "pillow-12.0.0-cp312-cp312-macosx_10_13_x86_64.whl", hash = "sha256:53561a4ddc36facb432fae7a9d8afbfaf94795414f5cdc5fc52f28c1dca90371"},
    {file = "pillow-12.0.0-cp312-cp312-macosx_11_0_arm64.whl", hash = "sha256:71db6b4c1653045dacc1585c1b0d184004f0d7e694c7b34ac165ca70c0838082"},
    {file = "pillow-12.0.0-cp312-cp312-manylinux2014_aarch64.manylinux_2_17_aarch64.whl", hash = "sha256:2fa5f0b6716fc88f11380b88b31fe591a06c6315e955c096c35715788b339e3f"},
    {file = "pillow-12.0.0-cp312-cp312-manylinux2014_x86_64.manylinux_2_17_x86_64.whl", hash = "sha256:82240051c6ca513c616f7f9da06e871f61bfd7805f566275841af15015b8f98d"},
    {file = "pillow-12.0.0-cp312-cp312-manylinux_2_27_aarch64.manylinux_2_28_aarch64.whl", hash = "sha256:55f818bd74fe2f11d4d7cbc65880a843c4075e0ac7226bc1a23261dbea531953"},
    {file = "pillow-12.0.0-cp312-cp312-manylinux_2_27_x86_64.manylinux_2_28_x86_64.whl", hash = "sha256:b87843e225e74576437fd5b6a4c2205d422754f84a06942cfaf1dc32243e45a8"},
    {file = "pillow-12.0.0-cp312-cp312-musllinux_1_2_aarch64.whl", hash = "sha256:c607c90ba67533e1b2355b821fef6764d1dd2cbe26b8c1005ae84f7aea25ff79"},
    {file = "pillow-12.0.0-cp312-cp312-musllinux_1_2_x86_64.whl", hash = "sha256:21f241bdd5080a15bc86d3466a9f6074a9c2c2b314100dd896ac81ee6db2f1ba"},
    {file = "pillow-12.0.0-cp312-cp312-win32.whl", hash = "sha256:dd333073e0cacdc3089525c7df7d39b211bcdf31fc2824e49d01c6b6187b07d0"},
    {file = "pillow-12.0.0-cp312-cp312-win_amd64.whl", hash = "sha256:9fe611163f6303d1619bbcb653540a4d60f9e55e622d60a3108be0d5b441017a"},
    {file = "pillow-12.0.0-cp312-cp312-win_arm64.whl", hash = "sha256:7dfb439562f234f7d57b1ac6bc8fe7f838a4bd49c79230e0f6a1da93e82f1fad"},
    {file = "pillow-12.0.0-cp313-cp313-ios_13_0_arm64_iphoneos.whl", hash = "sha256:0869154a2d0546545cde61d1789a6524319fc1897d9ee31218eae7a60ccc5643"},
    {file = "pillow-12.0.0-cp313-cp313-ios_13_0_arm64_iphonesimulator.whl", hash = "sha256:a7921c5a6d31b3d756ec980f2f47c0cfdbce0fc48c22a39347a895f41f4a6ea4"},
    {file = "pillow-12.0.0-cp313-cp313-ios_13_0_x86_64_iphonesimulator.whl", hash = "sha256:1ee80a59f6ce048ae13cda1abf7fbd2a34ab9ee7d401c46be3ca685d1999a399"},
    {file = "pillow-12.0.0-cp313-cp313-macosx_10_13_x86_64.whl", hash = "sha256:c50f36a62a22d350c96e49ad02d0da41dbd17ddc2e29750dbdba4323f85eb4a5"},
    {file = "pillow-12.0.0-cp313-cp313-macosx_11_0_arm64.whl", hash = "sha256:5193fde9a5f23c331ea26d0cf171fbf67e3f247585f50c08b3e205c7aeb4589b"},
    {file = "pillow-12.0.0-cp313-cp313-manylinux2014_aarch64.manylinux_2_17_aarch64.whl", hash = "sha256:bde737cff1a975b70652b62d626f7785e0480918dece11e8fef3c0cf057351c3"},
    {file = "pillow-12.0.0-cp313-cp313-manylinux2014_x86_64.manylinux_2_17_x86_64.whl", hash = "sha256:a6597ff2b61d121172f5844b53f21467f7082f5fb385a9a29c01414463f93b07"},
    {file = "pillow-12.0.0-cp313-cp313-manylinux_2_27_aarch64.manylinux_2_28_aarch64.whl", hash = "sha256:0b817e7035ea7f6b942c13aa03bb554fc44fea70838ea21f8eb31c638326584e"},
    {file = "pillow-12.0.0-cp313-cp313-manylinux_2_27_x86_64.manylinux_2_28_x86_64.whl", hash = "sha256:f4f1231b7dec408e8670264ce63e9c71409d9583dd21d32c163e25213ee2a344"},
    {file = "pillow-12.0.0-cp313-cp313-musllinux_1_2_aarch64.whl", hash = "sha256:6e51b71417049ad6ab14c49608b4a24d8fb3fe605e5dfabfe523b58064dc3d27"},
    {file = "pillow-12.0.0-cp313-cp313-musllinux_1_2_x86_64.whl", hash = "sha256:d120c38a42c234dc9a8c5de7ceaaf899cf33561956acb4941653f8bdc657aa79"},
    {file = "pillow-12.0.0-cp313-cp313-win32.whl", hash = "sha256:4cc6b3b2efff105c6a1656cfe59da4fdde2cda9af1c5e0b58529b24525d0a098"},
    {file = "pillow-12.0.0-cp313-cp313-win_amd64.whl", hash = "sha256:4cf7fed4b4580601c4345ceb5d4cbf5a980d030fd5ad07c4d2ec589f95f09905"},
    {file = "pillow-12.0.0-cp313-cp313-win_arm64.whl", hash = "sha256:9f0b04c6b8584c2c193babcccc908b38ed29524b29dd464bc8801bf10d746a3a"},
    {file = "pillow-12.0.0-cp313-cp313t-macosx_10_13_x86_64.whl", hash = "sha256:7fa22993bac7b77b78cae22bad1e2a987ddf0d9015c63358032f84a53f23cdc3"},
    {file = "pillow-12.0.0-cp313-cp313t-macosx_11_0_arm64.whl", hash = "sha256:f135c702ac42262573fe9714dfe99c944b4ba307af5eb507abef1667e2cbbced"},
    {file = "pillow-12.0.0-cp313-cp313t-manylinux2014_aarch64.manylinux_2_17_aarch64.whl", hash = "sha256:c85de1136429c524e55cfa4e033b4a7940ac5c8ee4d9401cc2d1bf48154bbc7b"},
    {file = "pillow-12.0.0-cp313-cp313t-manylinux2014_x86_64.manylinux_2_17_x86_64.whl", hash = "sha256:38df9b4bfd3db902c9c2bd369bcacaf9d935b2fff73709429d95cc41554f7b3d"},
    {file = "pillow-12.0.0-cp313-cp313t-manylinux_2_27_aarch64.manylinux_2_28_aarch64.whl", hash = "sha256:7d87ef5795da03d742bf49439f9ca4d027cde49c82c5371ba52464aee266699a"},
    {file = "pillow-12.0.0-cp313-cp313t-manylinux_2_27_x86_64.manylinux_2_28_x86_64.whl", hash = "sha256:aff9e4d82d082ff9513bdd6acd4f5bd359f5b2c870907d2b0a9c5e10d40c88fe"},
    {file = "pillow-12.0.0-cp313-cp313t-musllinux_1_2_aarch64.whl", hash = "sha256:8d8ca2b210ada074d57fcee40c30446c9562e542fc46aedc19baf758a93532ee"},
    {file = "pillow-12.0.0-cp313-cp313t-musllinux_1_2_x86_64.whl", hash = "sha256:99a7f72fb6249302aa62245680754862a44179b545ded638cf1fef59befb57ef"},
    {file = "pillow-12.0.0-cp313-cp313t-win32.whl", hash = "sha256:4078242472387600b2ce8d93ade8899c12bf33fa89e55ec89fe126e9d6d5d9e9"},
    {file = "pillow-12.0.0-cp313-cp313t-win_amd64.whl", hash = "sha256:2c54c1a783d6d60595d3514f0efe9b37c8808746a66920315bfd34a938d7994b"},
    {file = "pillow-12.0.0-cp313-cp313t-win_arm64.whl", hash = "sha256:26d9f7d2b604cd23aba3e9faf795787456ac25634d82cd060556998e39c6fa47"},
    {file = "pillow-12.0.0-cp314-cp314-ios_13_0_arm64_iphoneos.whl", hash = "sha256:beeae3f27f62308f1ddbcfb0690bf44b10732f2ef43758f169d5e9303165d3f9"},
    {file = "pillow-12.0.0-cp314-cp314-ios_13_0_arm64_iphonesimulator.whl", hash = "sha256:d4827615da15cd59784ce39d3388275ec093ae3ee8d7f0c089b76fa87af756c2"},
    {file = "pillow-12.0.0-cp314-cp314-ios_13_0_x86_64_iphonesimulator.whl", hash = "sha256:3e42edad50b6909089750e65c91aa09aaf1e0a71310d383f11321b27c224ed8a"},
    {file = "pillow-12.0.0-cp314-cp314-macosx_10_15_x86_64.whl", hash = "sha256:e5d8efac84c9afcb40914ab49ba063d94f5dbdf5066db4482c66a992f47a3a3b"},
    {file = "pillow-12.0.0-cp314-cp314-macosx_11_0_arm64.whl", hash = "sha256:266cd5f2b63ff316d5a1bba46268e603c9caf5606d44f38c2873c380950576ad"},
    {file = "pillow-12.0.0-cp314-cp314-manylinux2014_aarch64.manylinux_2_17_aarch64.whl", hash = "sha256:58eea5ebe51504057dd95c5b77d21700b77615ab0243d8152793dc00eb4faf01"},
    {file = "pillow-12.0.0-cp314-cp314-manylinux2014_x86_64.manylinux_2_17_x86_64.whl", hash = "sha256:f13711b1a5ba512d647a0e4ba79280d3a9a045aaf7e0cc6fbe96b91d4cdf6b0c"},
    {file = "pillow-12.0.0-cp314-cp314-manylinux_2_27_aarch64.manylinux_2_28_aarch64.whl", hash = "sha256:6846bd2d116ff42cba6b646edf5bf61d37e5cbd256425fa089fee4ff5c07a99e"},
    {file = "pillow-12.0.0-cp314-cp314-manylinux_2_27_x86_64.manylinux_2_28_x86_64.whl", hash = "sha256:c98fa880d695de164b4135a52fd2e9cd7b7c90a9d8ac5e9e443a24a95ef9248e"},
    {file = "pillow-12.0.0-cp314-cp314-musllinux_1_2_aarch64.whl", hash = "sha256:fa3ed2a29a9e9d2d488b4da81dcb54720ac3104a20bf0bd273f1e4648aff5af9"},
    {file = "pillow-12.0.0-cp314-cp314-musllinux_1_2_x86_64.whl", hash = "sha256:d034140032870024e6b9892c692fe2968493790dd57208b2c37e3fb35f6df3ab"},
    {file = "pillow-12.0.0-cp314-cp314-win32.whl", hash = "sha256:1b1b133e6e16105f524a8dec491e0586d072948ce15c9b914e41cdadd209052b"},
    {file = "pillow-12.0.0-cp314-cp314-win_amd64.whl", hash = "sha256:8dc232e39d409036af549c86f24aed8273a40ffa459981146829a324e0848b4b"},
    {file = "pillow-12.0.0-cp314-cp314-win_arm64.whl", hash = "sha256:d52610d51e265a51518692045e372a4c363056130d922a7351429ac9f27e70b0"},
    {file = "pillow-12.0.0-cp314-cp314t-macosx_10_15_x86_64.whl", hash = "sha256:1979f4566bb96c1e50a62d9831e2ea2d1211761e5662afc545fa766f996632f6"},
    {file = "pillow-12.0.0-cp314-cp314t-macosx_11_0_arm64.whl", hash = "sha256:b2e4b27a6e15b04832fe9bf292b94b5ca156016bbc1ea9c2c20098a0320d6cf6"},
    {file = "pillow-12.0.0-cp314-cp314t-manylinux2014_aarch64.manylinux_2_17_aarch64.whl", hash = "sha256:fb3096c30df99fd01c7bf8e544f392103d0795b9f98ba71a8054bcbf56b255f1"},
    {file = "pillow-12.0.0-cp314-cp314t-manylinux2014_x86_64.manylinux_2_17_x86_64.whl", hash = "sha256:7438839e9e053ef79f7112c881cef684013855016f928b168b81ed5835f3e75e"},
    {file = "pillow-12.0.0-cp314-cp314t-manylinux_2_27_aarch64.manylinux_2_28_aarch64.whl", hash = "sha256:5d5c411a8eaa2299322b647cd932586b1427367fd3184ffbb8f7a219ea2041ca"},
    {file = "pillow-12.0.0-cp314-cp314t-manylinux_2_27_x86_64.manylinux_2_28_x86_64.whl", hash = "sha256:d7e091d464ac59d2c7ad8e7e08105eaf9dafbc3883fd7265ffccc2baad6ac925"},
    {file = "pillow-12.0.0-cp314-cp314t-musllinux_1_2_aarch64.whl", hash = "sha256:792a2c0be4dcc18af9d4a2dfd8a11a17d5e25274a1062b0ec1c2d79c76f3e7f8"},
    {file = "pillow-12.0.0-cp314-cp314t-musllinux_1_2_x86_64.whl", hash = "sha256:afbefa430092f71a9593a99ab6a4e7538bc9eabbf7bf94f91510d3503943edc4"},
    {file = "pillow-12.0.0-cp314-cp314t-win32.whl", hash = "sha256:3830c769decf88f1289680a59d4f4c46c72573446352e2befec9a8512104fa52"},
    {file = "pillow-12.0.0-cp314-cp314t-win_amd64.whl", hash = "sha256:905b0365b210c73afb0ebe9101a32572152dfd1c144c7e28968a331b9217b94a"},
    {file = "pillow-12.0.0-cp314-cp314t-win_arm64.whl", hash = "sha256:99353a06902c2e43b43e8ff74ee65a7d90307d82370604746738a1e0661ccca7"},
    {file = "pillow-12.0.0-pp311-pypy311_pp73-macosx_10_15_x86_64.whl", hash = "sha256:b22bd8c974942477156be55a768f7aa37c46904c175be4e158b6a86e3a6b7ca8"},
    {file = "pillow-12.0.0-pp311-pypy311_pp73-macosx_11_0_arm64.whl", hash = "sha256:805ebf596939e48dbb2e4922a1d3852cfc25c38160751ce02da93058b48d252a"},
    {file = "pillow-12.0.0-pp311-pypy311_pp73-manylinux2014_aarch64.manylinux_2_17_aarch64.whl", hash = "sha256:cae81479f77420d217def5f54b5b9d279804d17e982e0f2fa19b1d1e14ab5197"},
    {file = "pillow-12.0.0-pp311-pypy311_pp73-manylinux2014_x86_64.manylinux_2_17_x86_64.whl", hash = "sha256:aeaefa96c768fc66818730b952a862235d68825c178f1b3ffd4efd7ad2edcb7c"},
    {file = "pillow-12.0.0-pp311-pypy311_pp73-manylinux_2_27_aarch64.manylinux_2_28_aarch64.whl", hash = "sha256:09f2d0abef9e4e2f349305a4f8cc784a8a6c2f58a8c4892eea13b10a943bd26e"},
    {file = "pillow-12.0.0-pp311-pypy311_pp73-manylinux_2_27_x86_64.manylinux_2_28_x86_64.whl", hash = "sha256:bdee52571a343d721fb2eb3b090a82d959ff37fc631e3f70422e0c2e029f3e76"},
    {file = "pillow-12.0.0-pp311-pypy311_pp73-win_amd64.whl", hash = "sha256:b290fd8aa38422444d4b50d579de197557f182ef1068b75f5aa8558638b8d0a5"},
    {file = "pillow-12.0.0.tar.gz", hash = "sha256:87d4f8125c9988bfbed67af47dd7a953e2fc7b0cc1e7800ec6d2080d490bb353"},
]

[package.extras]
docs = ["furo", "olefile", "sphinx (>=8.2)", "sphinx-autobuild", "sphinx-copybutton", "sphinx-inline-tabs", "sphinxext-opengraph"]
fpx = ["olefile"]
mic = ["olefile"]
test-arrow = ["arro3-compute", "arro3-core", "nanoarrow", "pyarrow"]
tests = ["check-manifest", "coverage (>=7.4.2)", "defusedxml", "markdown2", "olefile", "packaging", "pyroma (>=5)", "pytest", "pytest-cov", "pytest-timeout", "pytest-xdist", "trove-classifiers (>=2024.10.12)"]
xmp = ["defusedxml"]

[[package]]
name = "psycopg"
version = "3.2.13"
description = "PostgreSQL database adapter for Python"
optional = false
python-versions = ">=3.8"
groups = ["main"]
files = [
    {file = "psycopg-3.2.13-py3-none-any.whl", hash = "sha256:a481374514f2da627157f767a9336705ebefe93ea7a0522a6cbacba165da179a"},
    {file = "psycopg-3.2.13.tar.gz", hash = "sha256:309adaeda61d44556046ec9a83a93f42bbe5310120b1995f3af49ab6d9f13c1d"},
]

[package.dependencies]
psycopg-binary = {version = "3.2.13", optional = true, markers = "implementation_name != \"pypy\" and extra == \"binary\""}
typing-extensions = {version = ">=4.6", markers = "python_version < \"3.13\""}
tzdata = {version = "*", markers = "sys_platform == \"win32\""}

[package.extras]
binary = ["psycopg-binary (==3.2.13) ; implementation_name != \"pypy\""]
c = ["psycopg-c (==3.2.13) ; implementation_name != \"pypy\""]
dev = ["ast-comments (>=1.1.2)", "black (>=24.1.0)", "codespell (>=2.2)", "dnspython (>=2.1)", "flake8 (>=4.0)", "isort-psycopg", "isort[colors] (>=6.0)", "mypy (>=1.14)", "pre-commit (>=4.0.1)", "types-setuptools (>=57.4)", "types-shapely (>=2.0)", "wheel (>=0.37)"]
docs = ["Sphinx (>=5.0)", "furo (==2022.6.21)", "sphinx-autobuild (>=2021.3.14)", "sphinx-autodoc-typehints (>=1.12)"]
pool = ["psycopg-pool"]
test = ["anyio (>=4.0)", "mypy (>=1.14)", "pproxy (>=2.7)", "pytest (>=6.2.5)", "pytest-cov (>=3.0)", "pytest-randomly (>=3.5)"]

[[package]]
name = "psycopg-binary"
version = "3.2.13"
description = "PostgreSQL database adapter for Python -- C optimisation distribution"
optional = false
python-versions = ">=3.8"
groups = ["main"]
markers = "implementation_name != \"pypy\""
files = [
    {file = "psycopg_binary-3.2.13-cp310-cp310-macosx_10_9_x86_64.whl", hash = "sha256:9e25eb65494955c0dabdcd7097b004cbd70b982cf3cbc7186c2e854f788677a9"},
    {file = "psycopg_binary-3.2.13-cp310-cp310-macosx_11_0_arm64.whl", hash = "sha256:732b25c2d932ca0655ea2588563eae831dc0842c93c69be4754a5b0e9760b38d"},
    {file = "psycopg_binary-3.2.13-cp310-cp310-manylinux2014_aarch64.manylinux_2_17_aarch64.whl", hash = "sha256:7350d9cc4e35529c4548ddda34a1c17f28d3f3a8f792c25cd67e8a04952ed415"},
    {file = "psycopg_binary-3.2.13-cp310-cp310-manylinux2014_ppc64le.manylinux_2_17_ppc64le.whl", hash = "sha256:090c22795969ee1ace17322b1718769694607d942cef084c6fb4493adfa57da0"},
    {file = "psycopg_binary-3.2.13-cp310-cp310-manylinux2014_x86_64.manylinux_2_17_x86_64.whl", hash = "sha256:9ac329532f36342ff99fc1aefdbb531563bec03c7bc3ae934c8347a7a61339df"},
    {file = "psycopg_binary-3.2.13-cp310-cp310-musllinux_1_2_aarch64.whl", hash = "sha256:1db11a7e618d58cfb937c409c7d279a84cbb31d32a7efc63f1e5f426f3613793"},
    {file = "psycopg_binary-3.2.13-cp310-cp310-musllinux_1_2_ppc64le.whl", hash = "sha256:5f5081b2cbb0358bb3625109d41b57411bf9d9c29762a867e38c06d974b245ee"},
    {file = "psycopg_binary-3.2.13-cp310-cp310-musllinux_1_2_x86_64.whl", hash = "sha256:5d466ac3a3738647ff2405397946870dc363e33282ced151e7ea74f622947c06"},
    {file = "psycopg_binary-3.2.13-cp310-cp310-win_amd64.whl", hash = "sha256:087acf2b24787ae206718136c1f51bc90cda68b02c3819b0556f418e3565f2c3"},
    {file = "psycopg_binary-3.2.13-cp311-cp311-macosx_10_9_x86_64.whl", hash = "sha256:9cfe87749d010dfd34534ba8c71aa0674db9a3fce65232c98989f77c742c9ce7"},
    {file = "psycopg_binary-3.2.13-cp311-cp311-macosx_11_0_arm64.whl", hash = "sha256:8db77fac1dfe3f69c982db92a51fd78e1354fa8f523a6781a636123e5c7ffcde"},
    {file = "psycopg_binary-3.2.13-cp311-cp311-manylinux2014_aarch64.manylinux_2_17_aarch64.whl", hash = "sha256:cbbac4cd5b0e14b91ad8244268ca3fc2f527d1a337b489af57d7669c9d2e1a24"},
    {file = "psycopg_binary-3.2.13-cp311-cp311-manylinux2014_ppc64le.manylinux_2_17_ppc64le.whl", hash = "sha256:a146f0a59a7e3ca92996f8133b1d5e5922e668f7c656b4a9201e702f4cf25896"},
    {file = "psycopg_binary-3.2.13-cp311-cp311-manylinux2014_x86_64.manylinux_2_17_x86_64.whl", hash = "sha256:27150515de5f709e4142429db6fd36a1d01f0b8b17d915b5f7bb095364465398"},
    {file = "psycopg_binary-3.2.13-cp311-cp311-musllinux_1_2_aarch64.whl", hash = "sha256:9942255705255367d94368941e3a913b0daf74b47d191471dbe4dc0de9fbc769"},
    {file = "psycopg_binary-3.2.13-cp311-cp311-musllinux_1_2_ppc64le.whl", hash = "sha256:75ebc8335f48c339ec24f4c371595f6b7043147fe6d18e619c8564428ab8adaf"},
    {file = "psycopg_binary-3.2.13-cp311-cp311-musllinux_1_2_x86_64.whl", hash = "sha256:6fe2982a73b2ea473c9e2b91a35a21af3b03313bed188eccbcde4972483ac60a"},
    {file = "psycopg_binary-3.2.13-cp311-cp311-win_amd64.whl", hash = "sha256:6a50db4661fae78779d3cc38a0a68cabc997ca9d485ec27443b109ef8ac1672a"},
    {file = "psycopg_binary-3.2.13-cp312-cp312-macosx_10_13_x86_64.whl", hash = "sha256:223fc610a80bbc4355ad3c9952d468a18bb5cd7065846a8c275f100d80cd4004"},
    {file = "psycopg_binary-3.2.13-cp312-cp312-macosx_11_0_arm64.whl", hash = "sha256:b67f06a68d68b4621b6a411f9e583df876977afa06b1ba270b1b347d40aa93fc"},
    {file = "psycopg_binary-3.2.13-cp312-cp312-manylinux2014_aarch64.manylinux_2_17_aarch64.whl", hash = "sha256:082579f2ae41bdabe20c82810810f3e290ac2206cccf0cb41cf36b3218f53b3c"},
    {file = "psycopg_binary-3.2.13-cp312-cp312-manylinux2014_ppc64le.manylinux_2_17_ppc64le.whl", hash = "sha256:ff7df7bd8ec2c805f3a4896b8ade971139af0f9f8cf45d05014ac71fe54887be"},
    {file = "psycopg_binary-3.2.13-cp312-cp312-manylinux2014_x86_64.manylinux_2_17_x86_64.whl", hash = "sha256:8f1189dc78553ef4b2e55d9e116fc74870191bc6a9a5f4442412a703c4cc6c3b"},
    {file = "psycopg_binary-3.2.13-cp312-cp312-musllinux_1_2_aarch64.whl", hash = "sha256:0ef8ed4a4e0f7bf5e941782478a43c14b2b585b031e2266dd3afb87be2775d95"},
    {file = "psycopg_binary-3.2.13-cp312-cp312-musllinux_1_2_ppc64le.whl", hash = "sha256:de06fc9707a49f7c081b5c950974dd6de3dc33d681f7524f0b396471f5a4a480"},
    {file = "psycopg_binary-3.2.13-cp312-cp312-musllinux_1_2_x86_64.whl", hash = "sha256:917ad1cd6e6ef8a9df2f28d7b29c7148f089be46ac56fe838f986c0227652d14"},
    {file = "psycopg_binary-3.2.13-cp312-cp312-win_amd64.whl", hash = "sha256:b53b0d9499805b307017070492189e349256e0946f62c815e442baa01f2ea6c5"},
    {file = "psycopg_binary-3.2.13-cp313-cp313-macosx_10_13_x86_64.whl", hash = "sha256:dbae6ab1966e2b61d97e47220556c330c4608bb4cfb3a124aa0595c39995c068"},
    {file = "psycopg_binary-3.2.13-cp313-cp313-macosx_11_0_arm64.whl", hash = "sha256:fae933e4564386199fc54845d85413eedb49760e0bcd2b621fde2dd1825b99b3"},
    {file = "psycopg_binary-3.2.13-cp313-cp313-manylinux2014_aarch64.manylinux_2_17_aarch64.whl", hash = "sha256:13e2f8894d410678529ff9f1211f96c5a93ff142f992b302682b42d924428b61"},
    {file = "psycopg_binary-3.2.13-cp313-cp313-manylinux2014_ppc64le.manylinux_2_17_ppc64le.whl", hash = "sha256:f26f7009375cf1e92180e5c517c52da1054f7e690dde90e0ed00fa8b5736bcd4"},
    {file = "psycopg_binary-3.2.13-cp313-cp313-manylinux2014_x86_64.manylinux_2_17_x86_64.whl", hash = "sha256:ea2fdbcc9142933a47c66970e0df8b363e3bd1ea4c5ce376f2f3d94a9aeec847"},
    {file = "psycopg_binary-3.2.13-cp313-cp313-musllinux_1_2_aarch64.whl", hash = "sha256:ac92d6bc1d4a41c7459953a9aa727b9966e937e94c9e072527317fd2a67d488b"},
    {file = "psycopg_binary-3.2.13-cp313-cp313-musllinux_1_2_ppc64le.whl", hash = "sha256:8b843c00478739e95c46d6d3472b13123b634685f107831a9bfc41503a06ecbd"},
    {file = "psycopg_binary-3.2.13-cp313-cp313-musllinux_1_2_x86_64.whl", hash = "sha256:2f63868cc96bc18486cebec24445affbdd7f7debf28fac466ea935a8b5a4753b"},
    {file = "psycopg_binary-3.2.13-cp313-cp313-win_amd64.whl", hash = "sha256:594dfbca3326e997ae738d3d339004e8416b1f7390f52ce8dc2d692393e8fa96"},
    {file = "psycopg_binary-3.2.13-cp314-cp314-macosx_10_13_x86_64.whl", hash = "sha256:502a778c3e07c6b3aabfa56ee230e8c264d2debfab42d11535513a01bdfff0d6"},
    {file = "psycopg_binary-3.2.13-cp314-cp314-macosx_11_0_arm64.whl", hash = "sha256:7561a71d764d6f74d66e8b7d844b0f27fa33de508f65c17b1d56a94c73644776"},
    {file = "psycopg_binary-3.2.13-cp314-cp314-manylinux2014_aarch64.manylinux_2_17_aarch64.whl", hash = "sha256:9caf14745a1930b4e03fe4072cd7154eaf6e1241d20c42130ed784408a26b24b"},
    {file = "psycopg_binary-3.2.13-cp314-cp314-manylinux2014_ppc64le.manylinux_2_17_ppc64le.whl", hash = "sha256:4a6cafabdc0bfa37e11c6f365020fd5916b62d6296df581f4dceaa43a2ce680c"},
    {file = "psycopg_binary-3.2.13-cp314-cp314-manylinux2014_x86_64.manylinux_2_17_x86_64.whl", hash = "sha256:c96cb5a27e68acac6d74b64fca38592a692de9c4b7827339190698d58027aa45"},
    {file = "psycopg_binary-3.2.13-cp314-cp314-musllinux_1_2_aarch64.whl", hash = "sha256:596176ae3dfbf56fc61108870bfe17c7205d33ac28d524909feb5335201daa0a"},
    {file = "psycopg_binary-3.2.13-cp314-cp314-musllinux_1_2_ppc64le.whl", hash = "sha256:cc3a0408435dfbb77eeca5e8050df4b19a6e9b7e5e5583edf524c4a83d6293b2"},
    {file = "psycopg_binary-3.2.13-cp314-cp314-musllinux_1_2_x86_64.whl", hash = "sha256:65df0d459ffba14082d8ca4bb2f6ffbb2f8d02968f7d34a747e1031934b76b23"},
    {file = "psycopg_binary-3.2.13-cp314-cp314-win_amd64.whl", hash = "sha256:5c77f156c7316529ed371b5f95a51139e531328ee39c37493a2afcbc1f79d5de"},
    {file = "psycopg_binary-3.2.13-cp38-cp38-macosx_10_9_x86_64.whl", hash = "sha256:84c32892b75a3c7a1111b0ae17d567e161bec7f51b6419bfee6919973f57a811"},
    {file = "psycopg_binary-3.2.13-cp38-cp38-manylinux2014_aarch64.manylinux_2_17_aarch64.whl", hash = "sha256:1c9e7ddbb1fe0c99ebe73e4658722d6e6fb7058dacac0fbe98653cf01a7a6871"},
    {file = "psycopg_binary-3.2.13-cp38-cp38-manylinux2014_ppc64le.manylinux_2_17_ppc64le.whl", hash = "sha256:ef324695327681c756e206fbd0aa9bbc50fd05f45c74bc97c640c13ba36cc108"},
    {file = "psycopg_binary-3.2.13-cp38-cp38-manylinux2014_x86_64.manylinux_2_17_x86_64.whl", hash = "sha256:00ac1f1832c11ebf7ce3e30cd9cd9ec4d32b7d4aabe02e5cc6dca1b6ecff215d"},
    {file = "psycopg_binary-3.2.13-cp38-cp38-musllinux_1_2_aarch64.whl", hash = "sha256:38cadba35c8e3d0a43a916457c9b91c510be7253576d052d9549fd3c49c55782"},
    {file = "psycopg_binary-3.2.13-cp38-cp38-musllinux_1_2_ppc64le.whl", hash = "sha256:5056e701ec81e792f6acd362276585ac0c24456519b5e2fe552f298a04d2cd0c"},
    {file = "psycopg_binary-3.2.13-cp38-cp38-musllinux_1_2_x86_64.whl", hash = "sha256:fbc7c46da9b0db8126f8ebcdcc966c0a14e87c187af7978b47f6971bfbb9cc2c"},
    {file = "psycopg_binary-3.2.13-cp38-cp38-win_amd64.whl", hash = "sha256:9b98ed605a394107ea624c3792896cef29b833d2e193facfd85ba72fc4e2f85b"},
    {file = "psycopg_binary-3.2.13-cp39-cp39-macosx_10_9_x86_64.whl", hash = "sha256:6d8d1b709509d0f8cb857acf740b5eccd5bd2fb208a5b20e895f250519a32459"},
    {file = "psycopg_binary-3.2.13-cp39-cp39-macosx_11_0_arm64.whl", hash = "sha256:2d45bc5f4335498d32a26c8f8c0bf9ce8c973c19e78a9ee77c031300fb361300"},
    {file = "psycopg_binary-3.2.13-cp39-cp39-manylinux2014_aarch64.manylinux_2_17_aarch64.whl", hash = "sha256:f062d725898bf6fc5cfc6349a0d08ee09f129deb14d7fcd5c30f9f1b349f39dc"},
    {file = "psycopg_binary-3.2.13-cp39-cp39-manylinux2014_ppc64le.manylinux_2_17_ppc64le.whl", hash = "sha256:915647b5bbbcde2bd464dc293eec4f74710fa71edc4f85aa6f6c8494a179dc9e"},
    {file = "psycopg_binary-3.2.13-cp39-cp39-manylinux2014_x86_64.manylinux_2_17_x86_64.whl", hash = "sha256:d3aec6e2f1cf4deb1b9a3ac287c0591479f3bd851d0a911d628f8c2c71c14f4a"},
    {file = "psycopg_binary-3.2.13-cp39-cp39-musllinux_1_2_aarch64.whl", hash = "sha256:a56a8b1794cbf27ca04012ac2890d58cfc82b3b310c1dac4fa78fbf6f57e7440"},
    {file = "psycopg_binary-3.2.13-cp39-cp39-musllinux_1_2_ppc64le.whl", hash = "sha256:4150a5e72f863be442d153829724109d83a76871d9bc801d6bb5b9c84b5b19b9"},
    {file = "psycopg_binary-3.2.13-cp39-cp39-musllinux_1_2_x86_64.whl", hash = "sha256:028b49eb465f5d263d250cfd4f168fdabb306d0bbd97fd66a8a1fd7b696a953c"},
    {file = "psycopg_binary-3.2.13-cp39-cp39-win_amd64.whl", hash = "sha256:532ea34f673148d637be65a96251832252e278540b39fbd683ef37e58ec361c1"},
]

[[package]]
name = "ruff"
version = "0.14.5"
description = "An extremely fast Python linter and code formatter, written in Rust."
optional = false
python-versions = ">=3.7"
groups = ["dev"]
files = [
    {file = "ruff-0.14.5-py3-none-linux_armv6l.whl", hash = "sha256:f3b8248123b586de44a8018bcc9fefe31d23dda57a34e6f0e1e53bd51fd63594"},
    {file = "ruff-0.14.5-py3-none-macosx_10_12_x86_64.whl", hash = "sha256:f7a75236570318c7a30edd7f5491945f0169de738d945ca8784500b517163a72"},
    {file = "ruff-0.14.5-py3-none-macosx_11_0_arm64.whl", hash = "sha256:6d146132d1ee115f8802356a2dc9a634dbf58184c51bff21f313e8cd1c74899a"},
    {file = "ruff-0.14.5-py3-none-manylinux_2_17_aarch64.manylinux2014_aarch64.whl", hash = "sha256:e2380596653dcd20b057794d55681571a257a42327da8894b93bbd6111aa801f"},
    {file = "ruff-0.14.5-py3-none-manylinux_2_17_armv7l.manylinux2014_armv7l.whl", hash = "sha256:2d1fa985a42b1f075a098fa1ab9d472b712bdb17ad87a8ec86e45e7fa6273e68"},
    {file = "ruff-0.14.5-py3-none-manylinux_2_17_i686.manylinux2014_i686.whl", hash = "sha256:88f0770d42b7fa02bbefddde15d235ca3aa24e2f0137388cc15b2dcbb1f7c7a7"},
    {file = "ruff-0.14.5-py3-none-manylinux_2_17_ppc64.manylinux2014_ppc64.whl", hash = "sha256:3676cb02b9061fee7294661071c4709fa21419ea9176087cb77e64410926eb78"},
    {file = "ruff-0.14.5-py3-none-manylinux_2_17_ppc64le.manylinux2014_ppc64le.whl", hash = "sha256:b595bedf6bc9cab647c4a173a61acf4f1ac5f2b545203ba82f30fcb10b0318fb"},
    {file = "ruff-0.14.5-py3-none-manylinux_2_17_s390x.manylinux2014_s390x.whl", hash = "sha256:f55382725ad0bdb2e8ee2babcbbfb16f124f5a59496a2f6a46f1d9d99d93e6e2"},
    {file = "ruff-0.14.5-py3-none-manylinux_2_17_x86_64.manylinux2014_x86_64.whl", hash = "sha256:7497d19dce23976bdaca24345ae131a1d38dcfe1b0850ad8e9e6e4fa321a6e19"},
    {file = "ruff-0.14.5-py3-none-manylinux_2_31_riscv64.whl", hash = "sha256:410e781f1122d6be4f446981dd479470af86537fb0b8857f27a6e872f65a38e4"},
    {file = "ruff-0.14.5-py3-none-musllinux_1_2_aarch64.whl", hash = "sha256:c01be527ef4c91a6d55e53b337bfe2c0f82af024cc1a33c44792d6844e2331e1"},
    {file = "ruff-0.14.5-py3-none-musllinux_1_2_armv7l.whl", hash = "sha256:f66e9bb762e68d66e48550b59c74314168ebb46199886c5c5aa0b0fbcc81b151"},
    {file = "ruff-0.14.5-py3-none-musllinux_1_2_i686.whl", hash = "sha256:d93be8f1fa01022337f1f8f3bcaa7ffee2d0b03f00922c45c2207954f351f465"},
    {file = "ruff-0.14.5-py3-none-musllinux_1_2_x86_64.whl", hash = "sha256:c135d4b681f7401fe0e7312017e41aba9b3160861105726b76cfa14bc25aa367"},
    {file = "ruff-0.14.5-py3-none-win32.whl", hash = "sha256:c83642e6fccfb6dea8b785eb9f456800dcd6a63f362238af5fc0c83d027dd08b"},
    {file = "ruff-0.14.5-py3-none-win_amd64.whl", hash = "sha256:9d55d7af7166f143c94eae1db3312f9ea8f95a4defef1979ed516dbb38c27621"},
    {file = "ruff-0.14.5-py3-none-win_arm64.whl", hash = "sha256:4b700459d4649e2594b31f20a9de33bc7c19976d4746d8d0798ad959621d64a4"},
    {file = "ruff-0.14.5.tar.gz", hash = "sha256:8d3b48d7d8aad423d3137af7ab6c8b1e38e4de104800f0d596990f6ada1a9fc1"},
]

[[package]]
name = "sqlparse"
version = "0.5.3"
description = "A non-validating SQL parser."
optional = false
python-versions = ">=3.8"
groups = ["main"]
files = [
    {file = "sqlparse-0.5.3-py3-none-any.whl", hash = "sha256:cf2196ed3418f3ba5de6af7e82c694a9fbdbfecccdfc72e281548517081f16ca"},
    {file = "sqlparse-0.5.3.tar.gz", hash = "sha256:09f67787f56a0b16ecdbde1bfc7f5d9c3371ca683cfeaa8e6ff60b4807ec9272"},
]

[package.extras]
dev = ["build", "hatch"]
doc = ["sphinx"]

[[package]]
name = "typing-extensions"
version = "4.15.0"
description = "Backported and Experimental Type Hints for Python 3.9+"
optional = false
python-versions = ">=3.9"
groups = ["main"]
markers = "python_version == \"3.12\""
files = [
    {file = "typing_extensions-4.15.0-py3-none-any.whl", hash = "sha256:f0fa19c6845758ab08074a0cfa8b7aecb71c999ca73d62883bc25cc018c4e548"},
    {file = "typing_extensions-4.15.0.tar.gz", hash = "sha256:0cea48d173cc12fa28ecabc3b837ea3cf6f38c6d1136f85cbaaf598984861466"},
]

[[package]]
name = "tzdata"
version = "2025.2"
description = "Provider of IANA time zone data"
optional = false
python-versions = ">=2"
groups = ["main"]
markers = "sys_platform == \"win32\""
files = [
    {file = "tzdata-2025.2-py2.py3-none-any.whl", hash = "sha256:1a403fada01ff9221ca8044d701868fa132215d84beb92242d9acd2147f667a8"},
    {file = "tzdata-2025.2.tar.gz", hash = "sha256:b60a638fcc0daffadf82fe0f57e53d06bdec2f36c4df66280ae79bce6bd6f2b9"},
]

[metadata]
lock-version = "2.1"
python-versions = ">=3.12,<4"
content-hash = "96d5fc312d14004d1d67c674f226ba7fa0beeacb15308e86170e7742acbe2dba"
